
Microsoft Visual Studio Solution File, Format Version 12.00
# Visual Studio Version 16
VisualStudioVersion = 16.0.30011.22
MinimumVisualStudioVersion = 10.0.40219.1
Project("{9A19103F-16F7-4668-BE54-9A1E7A4F7556}") = "TravelFriend.Windows", "TravelFriend.Windows\TravelFriend.Windows.csproj", "{21A37AA1-FD9E-40A5-B552-A40F218508A3}"
EndProject
Project("{9A19103F-16F7-4668-BE54-9A1E7A4F7556}") = "TravelFriend.Windows.Http", "TravelFriend.Windows.Http\TravelFriend.Windows.Http.csproj", "{C1988E16-EC49-4AA3-8E3F-65F81E3482DA}"
EndProject
Project("{9A19103F-16F7-4668-BE54-9A1E7A4F7556}") = "TravelFriend.Windows.Database", "TravelFriend.Windows.Database\TravelFriend.Windows.Database.csproj", "{C9EB1B32-36B0-4796-8865-B20D844469B9}"
EndProject
Project("{FAE04EC0-301F-11D3-BF4B-00C04F79EFBC}") = "TravelFriend.Windows.RabbitMQ", "TravelFriend.Windows.RabbitMQ\TravelFriend.Windows.RabbitMQ.csproj", "{EA0F56CC-F6AB-4E53-90DC-9C6EEC7AFAFB}"
EndProject
Global
	GlobalSection(SolutionConfigurationPlatforms) = preSolution
		Debug|Any CPU = Debug|Any CPU
		Release|Any CPU = Release|Any CPU
	EndGlobalSection
	GlobalSection(ProjectConfigurationPlatforms) = postSolution
		{21A37AA1-FD9E-40A5-B552-A40F218508A3}.Debug|Any CPU.ActiveCfg = Debug|Any CPU
		{21A37AA1-FD9E-40A5-B552-A40F218508A3}.Debug|Any CPU.Build.0 = Debug|Any CPU
		{21A37AA1-FD9E-40A5-B552-A40F218508A3}.Release|Any CPU.ActiveCfg = Release|Any CPU
		{21A37AA1-FD9E-40A5-B552-A40F218508A3}.Release|Any CPU.Build.0 = Release|Any CPU
		{C1988E16-EC49-4AA3-8E3F-65F81E3482DA}.Debug|Any CPU.ActiveCfg = Debug|Any CPU
		{C1988E16-EC49-4AA3-8E3F-65F81E3482DA}.Debug|Any CPU.Build.0 = Debug|Any CPU
		{C1988E16-EC49-4AA3-8E3F-65F81E3482DA}.Release|Any CPU.ActiveCfg = Release|Any CPU
		{C1988E16-EC49-4AA3-8E3F-65F81E3482DA}.Release|Any CPU.Build.0 = Release|Any CPU
		{C9EB1B32-36B0-4796-8865-B20D844469B9}.Debug|Any CPU.ActiveCfg = Debug|Any CPU
		{C9EB1B32-36B0-4796-8865-B20D844469B9}.Debug|Any CPU.Build.0 = Debug|Any CPU
		{C9EB1B32-36B0-4796-8865-B20D844469B9}.Release|Any CPU.ActiveCfg = Release|Any CPU
		{C9EB1B32-36B0-4796-8865-B20D844469B9}.Release|Any CPU.Build.0 = Release|Any CPU
		{EA0F56CC-F6AB-4E53-90DC-9C6EEC7AFAFB}.Debug|Any CPU.ActiveCfg = Debug|Any CPU
		{EA0F56CC-F6AB-4E53-90DC-9C6EEC7AFAFB}.Debug|Any CPU.Build.0 = Debug|Any CPU
		{EA0F56CC-F6AB-4E53-90DC-9C6EEC7AFAFB}.Release|Any CPU.ActiveCfg = Release|Any CPU
		{EA0F56CC-F6AB-4E53-90DC-9C6EEC7AFAFB}.Release|Any CPU.Build.0 = Release|Any CPU
	EndGlobalSection
	GlobalSection(SolutionProperties) = preSolution
		HideSolutionNode = FALSE
	EndGlobalSection
	GlobalSection(ExtensibilityGlobals) = postSolution
		SolutionGuid = {01F3A733-B0B9-47C2-A942-E92AF7DA484A}
	EndGlobalSection
EndGlobal
