
Microsoft Visual Studio Solution File, Format Version 12.00
# Visual Studio Version 16
VisualStudioVersion = 16.0.30011.22
MinimumVisualStudioVersion = 10.0.40219.1
Project("{FAE04EC0-301F-11D3-BF4B-00C04F79EFBC}") = "TravelFriend.Windows", "TravelFriend.Windows\TravelFriend.Windows.csproj", "{21A37AA1-FD9E-40A5-B552-A40F218508A3}"
EndProject
Global
	GlobalSection(SolutionConfigurationPlatforms) = preSolution
		Debug|Any CPU = Debug|Any CPU
		Release|Any CPU = Release|Any CPU
	EndGlobalSection
	GlobalSection(ProjectConfigurationPlatforms) = postSolution
		{21A37AA1-FD9E-40A5-B552-A40F218508A3}.Debug|Any CPU.ActiveCfg = Debug|Any CPU
		{21A37AA1-FD9E-40A5-B552-A40F218508A3}.Debug|Any CPU.Build.0 = Debug|Any CPU
		{21A37AA1-FD9E-40A5-B552-A40F218508A3}.Release|Any CPU.ActiveCfg = Release|Any CPU
		{21A37AA1-FD9E-40A5-B552-A40F218508A3}.Release|Any CPU.Build.0 = Release|Any CPU
	EndGlobalSection
	GlobalSection(SolutionProperties) = preSolution
		HideSolutionNode = FALSE
	EndGlobalSection
	GlobalSection(ExtensibilityGlobals) = postSolution
		SolutionGuid = {01F3A733-B0B9-47C2-A942-E92AF7DA484A}
	EndGlobalSection
EndGlobal
